// !$*UTF8*$!
{
	archiveVersion = 1;
	classes = {
	};
	objectVersion = 77;
	objects = {

/* Begin PBXBuildFile section */
		17656D7D2D81E1030070D12C /* PowerToolFinderExtension.appex in Embed Foundation Extensions */ = {isa = PBXBuildFile; fileRef = 17656D752D81E1030070D12C /* PowerToolFinderExtension.appex */; settings = {ATTRIBUTES = (RemoveHeadersOnCopy, ); }; };
/* End PBXBuildFile section */

/* Begin PBXContainerItemProxy section */
		17656CEA2D7B1AD90070D12C /* PBXContainerItemProxy */ = {
			isa = PBXContainerItemProxy;
			containerPortal = 17656CD02D7B1AD80070D12C /* Project object */;
			proxyType = 1;
			remoteGlobalIDString = 17656CD72D7B1AD80070D12C;
			remoteInfo = PowerTool;
		};
		17656CF42D7B1AD90070D12C /* PBXContainerItemProxy */ = {
			isa = PBXContainerItemProxy;
			containerPortal = 17656CD02D7B1AD80070D12C /* Project object */;
			proxyType = 1;
			remoteGlobalIDString = 17656CD72D7B1AD80070D12C;
			remoteInfo = PowerTool;
		};
		17656D7B2D81E1030070D12C /* PBXContainerItemProxy */ = {
			isa = PBXContainerItemProxy;
			containerPortal = 17656CD02D7B1AD80070D12C /* Project object */;
			proxyType = 1;
			remoteGlobalIDString = 17656D742D81E1030070D12C;
			remoteInfo = PowerToolFinderExtension;
		};
/* End PBXContainerItemProxy section */

/* Begin PBXCopyFilesBuildPhase section */
		17656D3A2D7B28BE0070D12C /* Embed Foundation Extensions */ = {
			isa = PBXCopyFilesBuildPhase;
			buildActionMask = 2147483647;
			dstPath = "";
			dstSubfolderSpec = 13;
			files = (
				17656D7D2D81E1030070D12C /* PowerToolFinderExtension.appex in Embed Foundation Extensions */,
			);
			name = "Embed Foundation Extensions";
			runOnlyForDeploymentPostprocessing = 0;
		};
/* End PBXCopyFilesBuildPhase section */

/* Begin PBXFileReference section */
		17656CD82D7B1AD80070D12C /* PowerTool.app */ = {isa = PBXFileReference; explicitFileType = wrapper.application; includeInIndex = 0; path = PowerTool.app; sourceTree = BUILT_PRODUCTS_DIR; };
		17656CE92D7B1AD90070D12C /* PowerToolTests.xctest */ = {isa = PBXFileReference; explicitFileType = wrapper.cfbundle; includeInIndex = 0; path = PowerToolTests.xctest; sourceTree = BUILT_PRODUCTS_DIR; };
		17656CF32D7B1AD90070D12C /* PowerToolUITests.xctest */ = {isa = PBXFileReference; explicitFileType = wrapper.cfbundle; includeInIndex = 0; path = PowerToolUITests.xctest; sourceTree = BUILT_PRODUCTS_DIR; };
		17656D752D81E1030070D12C /* PowerToolFinderExtension.appex */ = {isa = PBXFileReference; explicitFileType = "wrapper.app-extension"; includeInIndex = 0; path = PowerToolFinderExtension.appex; sourceTree = BUILT_PRODUCTS_DIR; };
/* End PBXFileReference section */

/* Begin PBXFileSystemSynchronizedBuildFileExceptionSet section */
		17656DE82D81F05B0070D12C /* Exceptions for "PowerToolFinderExtension" folder in "PowerToolFinderExtension" target */ = {
			isa = PBXFileSystemSynchronizedBuildFileExceptionSet;
			membershipExceptions = (
				FinderExtension.swift,
			);
			target = 17656D742D81E1030070D12C /* PowerToolFinderExtension */;
		};
		17656DE92D81F05B0070D12C /* Exceptions for "PowerToolTests" folder in "PowerToolTests" target */ = {
			isa = PBXFileSystemSynchronizedBuildFileExceptionSet;
			membershipExceptions = (
				PowerToolTests.swift,
			);
			target = 17656CE82D7B1AD90070D12C /* PowerToolTests */;
		};
		17656DEA2D81F05B0070D12C /* Exceptions for "PowerToolUITests" folder in "PowerToolUITests" target */ = {
			isa = PBXFileSystemSynchronizedBuildFileExceptionSet;
			membershipExceptions = (
				PowerToolUITests.swift,
				PowerToolUITestsLaunchTests.swift,
			);
			target = 17656CF22D7B1AD90070D12C /* PowerToolUITests */;
		};
		17656DED2D81F1250070D12C /* Exceptions for "Strcuts" folder in "PowerTool" target */ = {
			isa = PBXFileSystemSynchronizedBuildFileExceptionSet;
			membershipExceptions = (
				FileType.swift,
			);
			target = 17656CD72D7B1AD80070D12C /* PowerTool */;
		};
		17656DEF2D81F14F0070D12C /* Exceptions for "Strcuts" folder in "PowerToolFinderExtension" target */ = {
			isa = PBXFileSystemSynchronizedBuildFileExceptionSet;
			membershipExceptions = (
				FileType.swift,
			);
			target = 17656D742D81E1030070D12C /* PowerToolFinderExtension */;
		};
/* End PBXFileSystemSynchronizedBuildFileExceptionSet section */

/* Begin PBXFileSystemSynchronizedRootGroup section */
		17656DCC2D81F05B0070D12C /* PowerTool */ = {
			isa = PBXFileSystemSynchronizedRootGroup;
			path = PowerTool;
			sourceTree = "<group>";
		};
		17656DD02D81F05B0070D12C /* PowerToolFinderExtension */ = {
			isa = PBXFileSystemSynchronizedRootGroup;
			exceptions = (
				17656DE82D81F05B0070D12C /* Exceptions for "PowerToolFinderExtension" folder in "PowerToolFinderExtension" target */,
			);
			path = PowerToolFinderExtension;
			sourceTree = "<group>";
		};
		17656DD22D81F05B0070D12C /* PowerToolTests */ = {
			isa = PBXFileSystemSynchronizedRootGroup;
			exceptions = (
				17656DE92D81F05B0070D12C /* Exceptions for "PowerToolTests" folder in "PowerToolTests" target */,
			);
			path = PowerToolTests;
			sourceTree = "<group>";
		};
		17656DD52D81F05B0070D12C /* PowerToolUITests */ = {
			isa = PBXFileSystemSynchronizedRootGroup;
			exceptions = (
				17656DEA2D81F05B0070D12C /* Exceptions for "PowerToolUITests" folder in "PowerToolUITests" target */,
			);
			path = PowerToolUITests;
			sourceTree = "<group>";
		};
		17656DEC2D81F1190070D12C /* Strcuts */ = {
			isa = PBXFileSystemSynchronizedRootGroup;
			exceptions = (
				17656DED2D81F1250070D12C /* Exceptions for "Strcuts" folder in "PowerTool" target */,
				17656DEF2D81F14F0070D12C /* Exceptions for "Strcuts" folder in "PowerToolFinderExtension" target */,
			);
			path = Strcuts;
			sourceTree = "<group>";
		};
/* End PBXFileSystemSynchronizedRootGroup section */

/* Begin PBXFrameworksBuildPhase section */
		17656CD52D7B1AD80070D12C /* Frameworks */ = {
			isa = PBXFrameworksBuildPhase;
			buildActionMask = 2147483647;
			files = (
			);
			runOnlyForDeploymentPostprocessing = 0;
		};
		17656CE62D7B1AD90070D12C /* Frameworks */ = {
			isa = PBXFrameworksBuildPhase;
			buildActionMask = 2147483647;
			files = (
			);
			runOnlyForDeploymentPostprocessing = 0;
		};
		17656CF02D7B1AD90070D12C /* Frameworks */ = {
			isa = PBXFrameworksBuildPhase;
			buildActionMask = 2147483647;
			files = (
			);
			runOnlyForDeploymentPostprocessing = 0;
		};
		17656D722D81E1030070D12C /* Frameworks */ = {
			isa = PBXFrameworksBuildPhase;
			buildActionMask = 2147483647;
			files = (
			);
			runOnlyForDeploymentPostprocessing = 0;
		};
/* End PBXFrameworksBuildPhase section */

/* Begin PBXGroup section */
		17656CCF2D7B1AD80070D12C = {
			isa = PBXGroup;
			children = (
				17656DEB2D81F1120070D12C /* Shared */,
				17656DCC2D81F05B0070D12C /* PowerTool */,
				17656DD02D81F05B0070D12C /* PowerToolFinderExtension */,
				17656DD22D81F05B0070D12C /* PowerToolTests */,
				17656DD52D81F05B0070D12C /* PowerToolUITests */,
				17656CD92D7B1AD80070D12C /* Products */,
			);
			sourceTree = "<group>";
		};
		17656CD92D7B1AD80070D12C /* Products */ = {
			isa = PBXGroup;
			children = (
				17656CD82D7B1AD80070D12C /* PowerTool.app */,
				17656CE92D7B1AD90070D12C /* PowerToolTests.xctest */,
				17656CF32D7B1AD90070D12C /* PowerToolUITests.xctest */,
				17656D752D81E1030070D12C /* PowerToolFinderExtension.appex */,
			);
			name = Products;
			sourceTree = "<group>";
		};
		17656DEB2D81F1120070D12C /* Shared */ = {
			isa = PBXGroup;
			children = (
				17656DEC2D81F1190070D12C /* Strcuts */,
			);
			path = Shared;
			sourceTree = "<group>";
		};
/* End PBXGroup section */

/* Begin PBXNativeTarget section */
		17656CD72D7B1AD80070D12C /* PowerTool */ = {
			isa = PBXNativeTarget;
			buildConfigurationList = 17656CFD2D7B1AD90070D12C /* Build configuration list for PBXNativeTarget "PowerTool" */;
			buildPhases = (
				17656CD42D7B1AD80070D12C /* Sources */,
				17656CD52D7B1AD80070D12C /* Frameworks */,
				17656CD62D7B1AD80070D12C /* Resources */,
				17656D3A2D7B28BE0070D12C /* Embed Foundation Extensions */,
			);
			buildRules = (
			);
			dependencies = (
				17656D7C2D81E1030070D12C /* PBXTargetDependency */,
			);
			fileSystemSynchronizedGroups = (
				17656DCC2D81F05B0070D12C /* PowerTool */,
			);
			name = PowerTool;
			packageProductDependencies = (
			);
			productName = PowerTool;
			productReference = 17656CD82D7B1AD80070D12C /* PowerTool.app */;
			productType = "com.apple.product-type.application";
		};
		17656CE82D7B1AD90070D12C /* PowerToolTests */ = {
			isa = PBXNativeTarget;
			buildConfigurationList = 17656D002D7B1AD90070D12C /* Build configuration list for PBXNativeTarget "PowerToolTests" */;
			buildPhases = (
				17656CE52D7B1AD90070D12C /* Sources */,
				17656CE62D7B1AD90070D12C /* Frameworks */,
				17656CE72D7B1AD90070D12C /* Resources */,
			);
			buildRules = (
			);
			dependencies = (
				17656CEB2D7B1AD90070D12C /* PBXTargetDependency */,
			);
			name = PowerToolTests;
			packageProductDependencies = (
			);
			productName = PowerToolTests;
			productReference = 17656CE92D7B1AD90070D12C /* PowerToolTests.xctest */;
			productType = "com.apple.product-type.bundle.unit-test";
		};
		17656CF22D7B1AD90070D12C /* PowerToolUITests */ = {
			isa = PBXNativeTarget;
			buildConfigurationList = 17656D032D7B1AD90070D12C /* Build configuration list for PBXNativeTarget "PowerToolUITests" */;
			buildPhases = (
				17656CEF2D7B1AD90070D12C /* Sources */,
				17656CF02D7B1AD90070D12C /* Frameworks */,
				17656CF12D7B1AD90070D12C /* Resources */,
			);
			buildRules = (
			);
			dependencies = (
				17656CF52D7B1AD90070D12C /* PBXTargetDependency */,
			);
			name = PowerToolUITests;
			packageProductDependencies = (
			);
			productName = PowerToolUITests;
			productReference = 17656CF32D7B1AD90070D12C /* PowerToolUITests.xctest */;
			productType = "com.apple.product-type.bundle.ui-testing";
		};
		17656D742D81E1030070D12C /* PowerToolFinderExtension */ = {
			isa = PBXNativeTarget;
			buildConfigurationList = 17656D7F2D81E1030070D12C /* Build configuration list for PBXNativeTarget "PowerToolFinderExtension" */;
			buildPhases = (
				17656D712D81E1030070D12C /* Sources */,
				17656D722D81E1030070D12C /* Frameworks */,
				17656D732D81E1030070D12C /* Resources */,
			);
			buildRules = (
			);
			dependencies = (
			);
			name = PowerToolFinderExtension;
			packageProductDependencies = (
			);
			productName = PowerToolFinderExtension;
			productReference = 17656D752D81E1030070D12C /* PowerToolFinderExtension.appex */;
			productType = "com.apple.product-type.app-extension";
		};
/* End PBXNativeTarget section */

/* Begin PBXProject section */
		17656CD02D7B1AD80070D12C /* Project object */ = {
			isa = PBXProject;
			attributes = {
				BuildIndependentTargetsInParallel = 1;
				LastSwiftUpdateCheck = 1620;
				LastUpgradeCheck = 1620;
				TargetAttributes = {
					17656CD72D7B1AD80070D12C = {
						CreatedOnToolsVersion = 16.2;
					};
					17656CE82D7B1AD90070D12C = {
						CreatedOnToolsVersion = 16.2;
						TestTargetID = 17656CD72D7B1AD80070D12C;
					};
					17656CF22D7B1AD90070D12C = {
						CreatedOnToolsVersion = 16.2;
						TestTargetID = 17656CD72D7B1AD80070D12C;
					};
					17656D742D81E1030070D12C = {
						CreatedOnToolsVersion = 16.2;
					};
				};
			};
			buildConfigurationList = 17656CD32D7B1AD80070D12C /* Build configuration list for PBXProject "PowerTool" */;
			developmentRegion = en;
			hasScannedForEncodings = 0;
			knownRegions = (
				en,
				Base,
			);
			mainGroup = 17656CCF2D7B1AD80070D12C;
			minimizedProjectReferenceProxies = 1;
			preferredProjectObjectVersion = 77;
			productRefGroup = 17656CD92D7B1AD80070D12C /* Products */;
			projectDirPath = "";
			projectRoot = "";
			targets = (
				17656CD72D7B1AD80070D12C /* PowerTool */,
				17656CE82D7B1AD90070D12C /* PowerToolTests */,
				17656CF22D7B1AD90070D12C /* PowerToolUITests */,
				17656D742D81E1030070D12C /* PowerToolFinderExtension */,
			);
		};
/* End PBXProject section */

/* Begin PBXResourcesBuildPhase section */
		17656CD62D7B1AD80070D12C /* Resources */ = {
			isa = PBXResourcesBuildPhase;
			buildActionMask = 2147483647;
			files = (
			);
			runOnlyForDeploymentPostprocessing = 0;
		};
		17656CE72D7B1AD90070D12C /* Resources */ = {
			isa = PBXResourcesBuildPhase;
			buildActionMask = 2147483647;
			files = (
			);
			runOnlyForDeploymentPostprocessing = 0;
		};
		17656CF12D7B1AD90070D12C /* Resources */ = {
			isa = PBXResourcesBuildPhase;
			buildActionMask = 2147483647;
			files = (
			);
			runOnlyForDeploymentPostprocessing = 0;
		};
		17656D732D81E1030070D12C /* Resources */ = {
			isa = PBXResourcesBuildPhase;
			buildActionMask = 2147483647;
			files = (
			);
			runOnlyForDeploymentPostprocessing = 0;
		};
/* End PBXResourcesBuildPhase section */

/* Begin PBXSourcesBuildPhase section */
		17656CD42D7B1AD80070D12C /* Sources */ = {
			isa = PBXSourcesBuildPhase;
			buildActionMask = 2147483647;
			files = (
			);
			runOnlyForDeploymentPostprocessing = 0;
		};
		17656CE52D7B1AD90070D12C /* Sources */ = {
			isa = PBXSourcesBuildPhase;
			buildActionMask = 2147483647;
			files = (
			);
			runOnlyForDeploymentPostprocessing = 0;
		};
		17656CEF2D7B1AD90070D12C /* Sources */ = {
			isa = PBXSourcesBuildPhase;
			buildActionMask = 2147483647;
			files = (
			);
			runOnlyForDeploymentPostprocessing = 0;
		};
		17656D712D81E1030070D12C /* Sources */ = {
			isa = PBXSourcesBuildPhase;
			buildActionMask = 2147483647;
			files = (
			);
			runOnlyForDeploymentPostprocessing = 0;
		};
/* End PBXSourcesBuildPhase section */

/* Begin PBXTargetDependency section */
		17656CEB2D7B1AD90070D12C /* PBXTargetDependency */ = {
			isa = PBXTargetDependency;
			target = 17656CD72D7B1AD80070D12C /* PowerTool */;
			targetProxy = 17656CEA2D7B1AD90070D12C /* PBXContainerItemProxy */;
		};
		17656CF52D7B1AD90070D12C /* PBXTargetDependency */ = {
			isa = PBXTargetDependency;
			target = 17656CD72D7B1AD80070D12C /* PowerTool */;
			targetProxy = 17656CF42D7B1AD90070D12C /* PBXContainerItemProxy */;
		};
		17656D7C2D81E1030070D12C /* PBXTargetDependency */ = {
			isa = PBXTargetDependency;
			target = 17656D742D81E1030070D12C /* PowerToolFinderExtension */;
			targetProxy = 17656D7B2D81E1030070D12C /* PBXContainerItemProxy */;
		};
/* End PBXTargetDependency section */

/* Begin XCBuildConfiguration section */
		17656CFB2D7B1AD90070D12C /* Debug */ = {
			isa = XCBuildConfiguration;
			buildSettings = {
				ALWAYS_SEARCH_USER_PATHS = NO;
				ASSETCATALOG_COMPILER_GENERATE_SWIFT_ASSET_SYMBOL_EXTENSIONS = YES;
				CLANG_ANALYZER_NONNULL = YES;
				CLANG_ANALYZER_NUMBER_OBJECT_CONVERSION = YES_AGGRESSIVE;
				CLANG_CXX_LANGUAGE_STANDARD = "gnu++20";
				CLANG_ENABLE_MODULES = YES;
				CLANG_ENABLE_OBJC_ARC = YES;
				CLANG_ENABLE_OBJC_WEAK = YES;
				CLANG_WARN_BLOCK_CAPTURE_AUTORELEASING = YES;
				CLANG_WARN_BOOL_CONVERSION = YES;
				CLANG_WARN_COMMA = YES;
				CLANG_WARN_CONSTANT_CONVERSION = YES;
				CLANG_WARN_DEPRECATED_OBJC_IMPLEMENTATIONS = YES;
				CLANG_WARN_DIRECT_OBJC_ISA_USAGE = YES_ERROR;
				CLANG_WARN_DOCUMENTATION_COMMENTS = YES;
				CLANG_WARN_EMPTY_BODY = YES;
				CLANG_WARN_ENUM_CONVERSION = YES;
				CLANG_WARN_INFINITE_RECURSION = YES;
				CLANG_WARN_INT_CONVERSION = YES;
				CLANG_WARN_NON_LITERAL_NULL_CONVERSION = YES;
				CLANG_WARN_OBJC_IMPLICIT_RETAIN_SELF = YES;
				CLANG_WARN_OBJC_LITERAL_CONVERSION = YES;
				CLANG_WARN_OBJC_ROOT_CLASS = YES_ERROR;
				CLANG_WARN_QUOTED_INCLUDE_IN_FRAMEWORK_HEADER = YES;
				CLANG_WARN_RANGE_LOOP_ANALYSIS = YES;
				CLANG_WARN_STRICT_PROTOTYPES = YES;
				CLANG_WARN_SUSPICIOUS_MOVE = YES;
				CLANG_WARN_UNGUARDED_AVAILABILITY = YES_AGGRESSIVE;
				CLANG_WARN_UNREACHABLE_CODE = YES;
				CLANG_WARN__DUPLICATE_METHOD_MATCH = YES;
				COPY_PHASE_STRIP = NO;
				DEBUG_INFORMATION_FORMAT = dwarf;
				ENABLE_STRICT_OBJC_MSGSEND = YES;
				ENABLE_TESTABILITY = YES;
				ENABLE_USER_SCRIPT_SANDBOXING = YES;
				GCC_C_LANGUAGE_STANDARD = gnu17;
				GCC_DYNAMIC_NO_PIC = NO;
				GCC_NO_COMMON_BLOCKS = YES;
				GCC_OPTIMIZATION_LEVEL = 0;
				GCC_PREPROCESSOR_DEFINITIONS = (
					"DEBUG=1",
					"$(inherited)",
				);
				GCC_WARN_64_TO_32_BIT_CONVERSION = YES;
				GCC_WARN_ABOUT_RETURN_TYPE = YES_ERROR;
				GCC_WARN_UNDECLARED_SELECTOR = YES;
				GCC_WARN_UNINITIALIZED_AUTOS = YES_AGGRESSIVE;
				GCC_WARN_UNUSED_FUNCTION = YES;
				GCC_WARN_UNUSED_VARIABLE = YES;
				LOCALIZATION_PREFERS_STRING_CATALOGS = YES;
				MACOSX_DEPLOYMENT_TARGET = 15.2;
				MTL_ENABLE_DEBUG_INFO = INCLUDE_SOURCE;
				MTL_FAST_MATH = YES;
				ONLY_ACTIVE_ARCH = YES;
				SDKROOT = macosx;
				SWIFT_ACTIVE_COMPILATION_CONDITIONS = "DEBUG $(inherited)";
				SWIFT_OPTIMIZATION_LEVEL = "-Onone";
			};
			name = Debug;
		};
		17656CFC2D7B1AD90070D12C /* Release */ = {
			isa = XCBuildConfiguration;
			buildSettings = {
				ALWAYS_SEARCH_USER_PATHS = NO;
				ASSETCATALOG_COMPILER_GENERATE_SWIFT_ASSET_SYMBOL_EXTENSIONS = YES;
				CLANG_ANALYZER_NONNULL = YES;
				CLANG_ANALYZER_NUMBER_OBJECT_CONVERSION = YES_AGGRESSIVE;
				CLANG_CXX_LANGUAGE_STANDARD = "gnu++20";
				CLANG_ENABLE_MODULES = YES;
				CLANG_ENABLE_OBJC_ARC = YES;
				CLANG_ENABLE_OBJC_WEAK = YES;
				CLANG_WARN_BLOCK_CAPTURE_AUTORELEASING = YES;
				CLANG_WARN_BOOL_CONVERSION = YES;
				CLANG_WARN_COMMA = YES;
				CLANG_WARN_CONSTANT_CONVERSION = YES;
				CLANG_WARN_DEPRECATED_OBJC_IMPLEMENTATIONS = YES;
				CLANG_WARN_DIRECT_OBJC_ISA_USAGE = YES_ERROR;
				CLANG_WARN_DOCUMENTATION_COMMENTS = YES;
				CLANG_WARN_EMPTY_BODY = YES;
				CLANG_WARN_ENUM_CONVERSION = YES;
				CLANG_WARN_INFINITE_RECURSION = YES;
				CLANG_WARN_INT_CONVERSION = YES;
				CLANG_WARN_NON_LITERAL_NULL_CONVERSION = YES;
				CLANG_WARN_OBJC_IMPLICIT_RETAIN_SELF = YES;
				CLANG_WARN_OBJC_LITERAL_CONVERSION = YES;
				CLANG_WARN_OBJC_ROOT_CLASS = YES_ERROR;
				CLANG_WARN_QUOTED_INCLUDE_IN_FRAMEWORK_HEADER = YES;
				CLANG_WARN_RANGE_LOOP_ANALYSIS = YES;
				CLANG_WARN_STRICT_PROTOTYPES = YES;
				CLANG_WARN_SUSPICIOUS_MOVE = YES;
				CLANG_WARN_UNGUARDED_AVAILABILITY = YES_AGGRESSIVE;
				CLANG_WARN_UNREACHABLE_CODE = YES;
				CLANG_WARN__DUPLICATE_METHOD_MATCH = YES;
				COPY_PHASE_STRIP = NO;
				DEBUG_INFORMATION_FORMAT = "dwarf-with-dsym";
				ENABLE_NS_ASSERTIONS = NO;
				ENABLE_STRICT_OBJC_MSGSEND = YES;
				ENABLE_USER_SCRIPT_SANDBOXING = YES;
				GCC_C_LANGUAGE_STANDARD = gnu17;
				GCC_NO_COMMON_BLOCKS = YES;
				GCC_WARN_64_TO_32_BIT_CONVERSION = YES;
				GCC_WARN_ABOUT_RETURN_TYPE = YES_ERROR;
				GCC_WARN_UNDECLARED_SELECTOR = YES;
				GCC_WARN_UNINITIALIZED_AUTOS = YES_AGGRESSIVE;
				GCC_WARN_UNUSED_FUNCTION = YES;
				GCC_WARN_UNUSED_VARIABLE = YES;
				LOCALIZATION_PREFERS_STRING_CATALOGS = YES;
				MACOSX_DEPLOYMENT_TARGET = 15.2;
				MTL_ENABLE_DEBUG_INFO = NO;
				MTL_FAST_MATH = YES;
				SDKROOT = macosx;
				SWIFT_COMPILATION_MODE = wholemodule;
			};
			name = Release;
		};
		17656CFE2D7B1AD90070D12C /* Debug */ = {
			isa = XCBuildConfiguration;
			buildSettings = {
				ASSETCATALOG_COMPILER_APPICON_NAME = AppIcon;
				ASSETCATALOG_COMPILER_GLOBAL_ACCENT_COLOR_NAME = AccentColor;
				CODE_SIGN_ENTITLEMENTS = PowerTool/PowerTool.entitlements;
				CODE_SIGN_STYLE = Automatic;
				COMBINE_HIDPI_IMAGES = YES;
				CURRENT_PROJECT_VERSION = 1;
				DEVELOPMENT_ASSET_PATHS = "\"PowerTool/Preview Content\"";
				DEVELOPMENT_TEAM = 8A4RDR65Z9;
				ENABLE_PREVIEWS = YES;
				GENERATE_INFOPLIST_FILE = YES;
				INFOPLIST_KEY_NSHumanReadableCopyright = "";
				LD_RUNPATH_SEARCH_PATHS = (
					"$(inherited)",
					"@executable_path/../Frameworks",
				);
				MARKETING_VERSION = 1.0;
				PRODUCT_BUNDLE_IDENTIFIER = "Omer-Dan.PowerTool";
				PRODUCT_NAME = "$(TARGET_NAME)";
				SWIFT_EMIT_LOC_STRINGS = YES;
				SWIFT_VERSION = 5.0;
			};
			name = Debug;
		};
		17656CFF2D7B1AD90070D12C /* Release */ = {
			isa = XCBuildConfiguration;
			buildSettings = {
				ASSETCATALOG_COMPILER_APPICON_NAME = AppIcon;
				ASSETCATALOG_COMPILER_GLOBAL_ACCENT_COLOR_NAME = AccentColor;
				CODE_SIGN_ENTITLEMENTS = PowerTool/PowerTool.entitlements;
				CODE_SIGN_STYLE = Automatic;
				COMBINE_HIDPI_IMAGES = YES;
				CURRENT_PROJECT_VERSION = 1;
				DEVELOPMENT_ASSET_PATHS = "\"PowerTool/Preview Content\"";
				DEVELOPMENT_TEAM = 8A4RDR65Z9;
				ENABLE_PREVIEWS = YES;
				GENERATE_INFOPLIST_FILE = YES;
				INFOPLIST_KEY_NSHumanReadableCopyright = "";
				LD_RUNPATH_SEARCH_PATHS = (
					"$(inherited)",
					"@executable_path/../Frameworks",
				);
				MARKETING_VERSION = 1.0;
				PRODUCT_BUNDLE_IDENTIFIER = "Omer-Dan.PowerTool";
				PRODUCT_NAME = "$(TARGET_NAME)";
				SWIFT_EMIT_LOC_STRINGS = YES;
				SWIFT_VERSION = 5.0;
			};
			name = Release;
		};
		17656D012D7B1AD90070D12C /* Debug */ = {
			isa = XCBuildConfiguration;
			buildSettings = {
				BUNDLE_LOADER = "$(TEST_HOST)";
				CODE_SIGN_STYLE = Automatic;
				CURRENT_PROJECT_VERSION = 1;
				GENERATE_INFOPLIST_FILE = YES;
				MACOSX_DEPLOYMENT_TARGET = 15.2;
				MARKETING_VERSION = 1.0;
				PRODUCT_BUNDLE_IDENTIFIER = "Omer-Dan.PowerToolTests";
				PRODUCT_NAME = "$(TARGET_NAME)";
				SWIFT_EMIT_LOC_STRINGS = NO;
				SWIFT_VERSION = 5.0;
				TEST_HOST = "$(BUILT_PRODUCTS_DIR)/PowerTool.app/$(BUNDLE_EXECUTABLE_FOLDER_PATH)/PowerTool";
			};
			name = Debug;
		};
		17656D022D7B1AD90070D12C /* Release */ = {
			isa = XCBuildConfiguration;
			buildSettings = {
				BUNDLE_LOADER = "$(TEST_HOST)";
				CODE_SIGN_STYLE = Automatic;
				CURRENT_PROJECT_VERSION = 1;
				GENERATE_INFOPLIST_FILE = YES;
				MACOSX_DEPLOYMENT_TARGET = 15.2;
				MARKETING_VERSION = 1.0;
				PRODUCT_BUNDLE_IDENTIFIER = "Omer-Dan.PowerToolTests";
				PRODUCT_NAME = "$(TARGET_NAME)";
				SWIFT_EMIT_LOC_STRINGS = NO;
				SWIFT_VERSION = 5.0;
				TEST_HOST = "$(BUILT_PRODUCTS_DIR)/PowerTool.app/$(BUNDLE_EXECUTABLE_FOLDER_PATH)/PowerTool";
			};
			name = Release;
		};
		17656D042D7B1AD90070D12C /* Debug */ = {
			isa = XCBuildConfiguration;
			buildSettings = {
				CODE_SIGN_STYLE = Automatic;
				CURRENT_PROJECT_VERSION = 1;
				GENERATE_INFOPLIST_FILE = YES;
				MARKETING_VERSION = 1.0;
				PRODUCT_BUNDLE_IDENTIFIER = "Omer-Dan.PowerToolUITests";
				PRODUCT_NAME = "$(TARGET_NAME)";
				SWIFT_EMIT_LOC_STRINGS = NO;
				SWIFT_VERSION = 5.0;
				TEST_TARGET_NAME = PowerTool;
			};
			name = Debug;
		};
		17656D052D7B1AD90070D12C /* Release */ = {
			isa = XCBuildConfiguration;
			buildSettings = {
				CODE_SIGN_STYLE = Automatic;
				CURRENT_PROJECT_VERSION = 1;
				GENERATE_INFOPLIST_FILE = YES;
				MARKETING_VERSION = 1.0;
				PRODUCT_BUNDLE_IDENTIFIER = "Omer-Dan.PowerToolUITests";
				PRODUCT_NAME = "$(TARGET_NAME)";
				SWIFT_EMIT_LOC_STRINGS = NO;
				SWIFT_VERSION = 5.0;
				TEST_TARGET_NAME = PowerTool;
			};
			name = Release;
		};
		17656D802D81E1030070D12C /* Debug */ = {
			isa = XCBuildConfiguration;
			buildSettings = {
				CODE_SIGN_ENTITLEMENTS = PowerToolFinderExtension/PowerToolFinderExtension.entitlements;
				CODE_SIGN_STYLE = Automatic;
				COMBINE_HIDPI_IMAGES = YES;
				CURRENT_PROJECT_VERSION = 1;
				DEVELOPMENT_TEAM = 8A4RDR65Z9;
				ENABLE_HARDENED_RUNTIME = YES;
				GENERATE_INFOPLIST_FILE = YES;
				INFOPLIST_FILE = PowerToolFinderExtension/Info.plist;
				INFOPLIST_KEY_CFBundleDisplayName = PowerToolFinderExtension;
				INFOPLIST_KEY_NSHumanReadableCopyright = "";
				LD_RUNPATH_SEARCH_PATHS = (
					"$(inherited)",
					"@executable_path/../Frameworks",
					"@executable_path/../../../../Frameworks",
				);
				MARKETING_VERSION = 1.0;
				PRODUCT_BUNDLE_IDENTIFIER = "Omer-Dan.PowerTool.PowerToolFinderExtension";
				PRODUCT_NAME = "$(TARGET_NAME)";
				SKIP_INSTALL = YES;
				SWIFT_EMIT_LOC_STRINGS = YES;
				SWIFT_VERSION = 5.0;
			};
			name = Debug;
		};
		17656D812D81E1030070D12C /* Release */ = {
			isa = XCBuildConfiguration;
			buildSettings = {
				CODE_SIGN_ENTITLEMENTS = PowerToolFinderExtension/PowerToolFinderExtension.entitlements;
				CODE_SIGN_STYLE = Automatic;
				COMBINE_HIDPI_IMAGES = YES;
				CURRENT_PROJECT_VERSION = 1;
				DEVELOPMENT_TEAM = 8A4RDR65Z9;
				ENABLE_HARDENED_RUNTIME = YES;
				GENERATE_INFOPLIST_FILE = YES;
				INFOPLIST_FILE = PowerToolFinderExtension/Info.plist;
				INFOPLIST_KEY_CFBundleDisplayName = PowerToolFinderExtension;
				INFOPLIST_KEY_NSHumanReadableCopyright = "";
				LD_RUNPATH_SEARCH_PATHS = (
					"$(inherited)",
					"@executable_path/../Frameworks",
					"@executable_path/../../../../Frameworks",
				);
				MARKETING_VERSION = 1.0;
				PRODUCT_BUNDLE_IDENTIFIER = "Omer-Dan.PowerTool.PowerToolFinderExtension";
				PRODUCT_NAME = "$(TARGET_NAME)";
				SKIP_INSTALL = YES;
				SWIFT_EMIT_LOC_STRINGS = YES;
				SWIFT_VERSION = 5.0;
			};
			name = Release;
		};
/* End XCBuildConfiguration section */

/* Begin XCConfigurationList section */
		17656CD32D7B1AD80070D12C /* Build configuration list for PBXProject "PowerTool" */ = {
			isa = XCConfigurationList;
			buildConfigurations = (
				17656CFB2D7B1AD90070D12C /* Debug */,
				17656CFC2D7B1AD90070D12C /* Release */,
			);
			defaultConfigurationIsVisible = 0;
			defaultConfigurationName = Release;
		};
		17656CFD2D7B1AD90070D12C /* Build configuration list for PBXNativeTarget "PowerTool" */ = {
			isa = XCConfigurationList;
			buildConfigurations = (
				17656CFE2D7B1AD90070D12C /* Debug */,
				17656CFF2D7B1AD90070D12C /* Release */,
			);
			defaultConfigurationIsVisible = 0;
			defaultConfigurationName = Release;
		};
		17656D002D7B1AD90070D12C /* Build configuration list for PBXNativeTarget "PowerToolTests" */ = {
			isa = XCConfigurationList;
			buildConfigurations = (
				17656D012D7B1AD90070D12C /* Debug */,
				17656D022D7B1AD90070D12C /* Release */,
			);
			defaultConfigurationIsVisible = 0;
			defaultConfigurationName = Release;
		};
		17656D032D7B1AD90070D12C /* Build configuration list for PBXNativeTarget "PowerToolUITests" */ = {
			isa = XCConfigurationList;
			buildConfigurations = (
				17656D042D7B1AD90070D12C /* Debug */,
				17656D052D7B1AD90070D12C /* Release */,
			);
			defaultConfigurationIsVisible = 0;
			defaultConfigurationName = Release;
		};
		17656D7F2D81E1030070D12C /* Build configuration list for PBXNativeTarget "PowerToolFinderExtension" */ = {
			isa = XCConfigurationList;
			buildConfigurations = (
				17656D802D81E1030070D12C /* Debug */,
				17656D812D81E1030070D12C /* Release */,
			);
			defaultConfigurationIsVisible = 0;
			defaultConfigurationName = Release;
		};
/* End XCConfigurationList section */
	};
	rootObject = 17656CD02D7B1AD80070D12C /* Project object */;
}
